
Microsoft Visual Studio Solution File, Format Version 12.00
# Visual Studio 15
VisualStudioVersion = 15.0.28307.572
MinimumVisualStudioVersion = 10.0.40219.1
Project("{FAE04EC0-301F-11D3-BF4B-00C04F79EFBC}") = "HumanStudentAndWorker", "HumanStudentAndWorker\HumanStudentAndWorker.csproj", "{A6F69D3D-6F3A-400F-8A5D-6705F617A854}"
EndProject
Global
	GlobalSection(SolutionConfigurationPlatforms) = preSolution
		Debug|Any CPU = Debug|Any CPU
		Release|Any CPU = Release|Any CPU
	EndGlobalSection
	GlobalSection(ProjectConfigurationPlatforms) = postSolution
		{A6F69D3D-6F3A-400F-8A5D-6705F617A854}.Debug|Any CPU.ActiveCfg = Debug|Any CPU
		{A6F69D3D-6F3A-400F-8A5D-6705F617A854}.Debug|Any CPU.Build.0 = Debug|Any CPU
		{A6F69D3D-6F3A-400F-8A5D-6705F617A854}.Release|Any CPU.ActiveCfg = Release|Any CPU
		{A6F69D3D-6F3A-400F-8A5D-6705F617A854}.Release|Any CPU.Build.0 = Release|Any CPU
	EndGlobalSection
	GlobalSection(SolutionProperties) = preSolution
		HideSolutionNode = FALSE
	EndGlobalSection
	GlobalSection(ExtensibilityGlobals) = postSolution
		SolutionGuid = {27DB852E-E2A3-4848-BAA8-49E786A03B9E}
	EndGlobalSection
EndGlobal
